
Microsoft Visual Studio Solution File, Format Version 12.00
# Visual Studio 15
VisualStudioVersion = 15.0.28307.271
MinimumVisualStudioVersion = 10.0.40219.1
Project("{8BC9CEB8-8B4A-11D0-8D11-00A0C91BC942}") = "HW3Q4", "HW3Q4\HW3Q4.vcxproj", "{71930A05-B784-4E8E-8E78-E0B26B7AE417}"
EndProject
Global
	GlobalSection(SolutionConfigurationPlatforms) = preSolution
		Debug|x64 = Debug|x64
		Debug|x86 = Debug|x86
		Release|x64 = Release|x64
		Release|x86 = Release|x86
	EndGlobalSection
	GlobalSection(ProjectConfigurationPlatforms) = postSolution
		{71930A05-B784-4E8E-8E78-E0B26B7AE417}.Debug|x64.ActiveCfg = Debug|x64
		{71930A05-B784-4E8E-8E78-E0B26B7AE417}.Debug|x64.Build.0 = Debug|x64
		{71930A05-B784-4E8E-8E78-E0B26B7AE417}.Debug|x86.ActiveCfg = Debug|Win32
		{71930A05-B784-4E8E-8E78-E0B26B7AE417}.Debug|x86.Build.0 = Debug|Win32
		{71930A05-B784-4E8E-8E78-E0B26B7AE417}.Release|x64.ActiveCfg = Release|x64
		{71930A05-B784-4E8E-8E78-E0B26B7AE417}.Release|x64.Build.0 = Release|x64
		{71930A05-B784-4E8E-8E78-E0B26B7AE417}.Release|x86.ActiveCfg = Release|Win32
		{71930A05-B784-4E8E-8E78-E0B26B7AE417}.Release|x86.Build.0 = Release|Win32
	EndGlobalSection
	GlobalSection(SolutionProperties) = preSolution
		HideSolutionNode = FALSE
	EndGlobalSection
	GlobalSection(ExtensibilityGlobals) = postSolution
		SolutionGuid = {0BACA06C-D7C3-492D-AC46-D363C42831A5}
	EndGlobalSection
EndGlobal
