
Microsoft Visual Studio Solution File, Format Version 12.00
# Visual Studio 15
VisualStudioVersion = 15.0.28307.271
MinimumVisualStudioVersion = 10.0.40219.1
Project("{8BC9CEB8-8B4A-11D0-8D11-00A0C91BC942}") = "Project1_Zombies", "Project1_Zombies\Project1_Zombies.vcxproj", "{62C689B9-AC92-44CF-9C97-94559E63170F}"
EndProject
Global
	GlobalSection(SolutionConfigurationPlatforms) = preSolution
		Debug|x64 = Debug|x64
		Debug|x86 = Debug|x86
		Release|x64 = Release|x64
		Release|x86 = Release|x86
	EndGlobalSection
	GlobalSection(ProjectConfigurationPlatforms) = postSolution
		{62C689B9-AC92-44CF-9C97-94559E63170F}.Debug|x64.ActiveCfg = Debug|x64
		{62C689B9-AC92-44CF-9C97-94559E63170F}.Debug|x64.Build.0 = Debug|x64
		{62C689B9-AC92-44CF-9C97-94559E63170F}.Debug|x86.ActiveCfg = Debug|Win32
		{62C689B9-AC92-44CF-9C97-94559E63170F}.Debug|x86.Build.0 = Debug|Win32
		{62C689B9-AC92-44CF-9C97-94559E63170F}.Release|x64.ActiveCfg = Release|x64
		{62C689B9-AC92-44CF-9C97-94559E63170F}.Release|x64.Build.0 = Release|x64
		{62C689B9-AC92-44CF-9C97-94559E63170F}.Release|x86.ActiveCfg = Release|Win32
		{62C689B9-AC92-44CF-9C97-94559E63170F}.Release|x86.Build.0 = Release|Win32
	EndGlobalSection
	GlobalSection(SolutionProperties) = preSolution
		HideSolutionNode = FALSE
	EndGlobalSection
	GlobalSection(ExtensibilityGlobals) = postSolution
		SolutionGuid = {EB4A75A5-B7D8-4682-8A99-2996C1B8C794}
	EndGlobalSection
EndGlobal
