
Microsoft Visual Studio Solution File, Format Version 12.00
# Visual Studio 15
VisualStudioVersion = 15.0.28307.421
MinimumVisualStudioVersion = 10.0.40219.1
Project("{8BC9CEB8-8B4A-11D0-8D11-00A0C91BC942}") = "ZombieDash2", "ZombieDash2\ZombieDash2.vcxproj", "{826CE503-723C-41F8-B5B1-197D88632AEC}"
EndProject
Global
	GlobalSection(SolutionConfigurationPlatforms) = preSolution
		Debug|x64 = Debug|x64
		Debug|x86 = Debug|x86
		Release|x64 = Release|x64
		Release|x86 = Release|x86
	EndGlobalSection
	GlobalSection(ProjectConfigurationPlatforms) = postSolution
		{826CE503-723C-41F8-B5B1-197D88632AEC}.Debug|x64.ActiveCfg = Debug|x64
		{826CE503-723C-41F8-B5B1-197D88632AEC}.Debug|x64.Build.0 = Debug|x64
		{826CE503-723C-41F8-B5B1-197D88632AEC}.Debug|x86.ActiveCfg = Debug|Win32
		{826CE503-723C-41F8-B5B1-197D88632AEC}.Debug|x86.Build.0 = Debug|Win32
		{826CE503-723C-41F8-B5B1-197D88632AEC}.Release|x64.ActiveCfg = Release|x64
		{826CE503-723C-41F8-B5B1-197D88632AEC}.Release|x64.Build.0 = Release|x64
		{826CE503-723C-41F8-B5B1-197D88632AEC}.Release|x86.ActiveCfg = Release|Win32
		{826CE503-723C-41F8-B5B1-197D88632AEC}.Release|x86.Build.0 = Release|Win32
	EndGlobalSection
	GlobalSection(SolutionProperties) = preSolution
		HideSolutionNode = FALSE
	EndGlobalSection
	GlobalSection(ExtensibilityGlobals) = postSolution
		SolutionGuid = {D154C015-3448-407A-A348-F521FC4E9C9D}
	EndGlobalSection
EndGlobal
